{
  "originHash" : "20ad3f8c74b9c00b7cf76a3dfb3630e03c3f3e091bcb8a7bce252ac62db45f03",
  "pins" : [
    {
      "identity" : "swift-argument-parser",
      "kind" : "remoteSourceControl",
      "location" : "https://github.com/apple/swift-argument-parser.git",
      "state" : {
        "revision" : "6a52f3251125d74daf04fcbd5e6f08a75d074382",
        "version" : "1.8.2"
      }
    },
    {
      "identity" : "swift-source-symbols",
      "kind" : "remoteSourceControl",
      "location" : "https://github.com/swift-student/swift-source-symbols.git",
      "state" : {
        "revision" : "45806930ed38d81167a45cb8681e00dfa8e2aabb"
      }
    },
    {
      "identity" : "tree-sitter",
      "kind" : "remoteSourceControl",
      "location" : "https://github.com/tree-sitter/tree-sitter",
      "state" : {
        "revision" : "da6fe9beb4f7f67beb75914ca8e0d48ae48d6406",
        "version" : "0.25.10"
      }
    }
  ],
  "version" : 3
}
