{
  "originHash" : "e6f8394d6ed2b77d37612ba9517e44a658d7e8e97a27ba3cb9300c596c786536",
  "pins" : [
    {
      "identity" : "swift-argument-parser",
      "kind" : "remoteSourceControl",
      "location" : "https://github.com/apple/swift-argument-parser.git",
      "state" : {
        "revision" : "6a52f3251125d74daf04fcbd5e6f08a75d074382",
        "version" : "1.8.2"
      }
    },
    {
      "identity" : "swift-source-symbols",
      "kind" : "remoteSourceControl",
      "location" : "https://github.com/swift-student/swift-source-symbols.git",
      "state" : {
        "revision" : "15b37e31f0682015089c194c1846e16aaf7de865"
      }
    },
    {
      "identity" : "tree-sitter",
      "kind" : "remoteSourceControl",
      "location" : "https://github.com/tree-sitter/tree-sitter",
      "state" : {
        "revision" : "da6fe9beb4f7f67beb75914ca8e0d48ae48d6406",
        "version" : "0.25.10"
      }
    },
    {
      "identity" : "tree-sitter-kotlin",
      "kind" : "remoteSourceControl",
      "location" : "https://github.com/tree-sitter-grammars/tree-sitter-kotlin",
      "state" : {
        "revision" : "77dd60ea0a9003ce062c9728a513ffe1aaff8c82",
        "version" : "1.1.0"
      }
    },
    {
      "identity" : "tree-sitter-ruby",
      "kind" : "remoteSourceControl",
      "location" : "https://github.com/tree-sitter/tree-sitter-ruby",
      "state" : {
        "revision" : "71bd32fb7607035768799732addba884a37a6210",
        "version" : "0.23.1"
      }
    },
    {
      "identity" : "tree-sitter-swift-spm",
      "kind" : "remoteSourceControl",
      "location" : "https://github.com/swift-student/tree-sitter-swift-spm",
      "state" : {
        "revision" : "08aaa2537c108e8d6d0963744cdbdc180566856f",
        "version" : "0.1.0"
      }
    },
    {
      "identity" : "tree-sitter-typescript",
      "kind" : "remoteSourceControl",
      "location" : "https://github.com/tree-sitter/tree-sitter-typescript",
      "state" : {
        "revision" : "f975a621f4e7f532fe322e13c4f79495e0a7b2e7",
        "version" : "0.23.2"
      }
    }
  ],
  "version" : 3
}
